
Microsoft Visual Studio Solution File, Format Version 12.00
# Visual Studio Version 17
VisualStudioVersion = 17.5.33424.131
MinimumVisualStudioVersion = 10.0.40219.1
Project("{9A19103F-16F7-4668-BE54-9A1E7A4F7556}") = "APIGateways", "APIGateways.csproj", "{DF940655-C2CA-4D7B-A239-C708BDF2E4D8}"
EndProject
Global
	GlobalSection(SolutionConfigurationPlatforms) = preSolution
		Debug|Any CPU = Debug|Any CPU
		Release|Any CPU = Release|Any CPU
	EndGlobalSection
	GlobalSection(ProjectConfigurationPlatforms) = postSolution
		{DF940655-C2CA-4D7B-A239-C708BDF2E4D8}.Debug|Any CPU.ActiveCfg = Debug|Any CPU
		{DF940655-C2CA-4D7B-A239-C708BDF2E4D8}.Debug|Any CPU.Build.0 = Debug|Any CPU
		{DF940655-C2CA-4D7B-A239-C708BDF2E4D8}.Release|Any CPU.ActiveCfg = Release|Any CPU
		{DF940655-C2CA-4D7B-A239-C708BDF2E4D8}.Release|Any CPU.Build.0 = Release|Any CPU
	EndGlobalSection
	GlobalSection(SolutionProperties) = preSolution
		HideSolutionNode = FALSE
	EndGlobalSection
	GlobalSection(ExtensibilityGlobals) = postSolution
		SolutionGuid = {C28D272B-7D5D-4110-BC56-39A6C24A0275}
	EndGlobalSection
EndGlobal
